{
  "requires": true,
  "lockfileVersion": 1,
  "dependencies": {
    "asap": {
      "version": "2.0.6",
      "resolved": "https://registry.npmjs.org/asap/-/asap-2.0.6.tgz",
      "integrity": "sha1-5QNHYR1+aQlDIIu9r+vLwvuGbUY="
    },
    "fiojs": {
      "version": "1.1.1",
      "resolved": "https://registry.npmjs.org/fiojs/-/fiojs-1.1.1.tgz",
      "integrity": "sha512-OTxwdIi2jBFyisWvDX3CWSyccN8fWru3ab0OiPfLqsjipQOvsOWGSyAoYYuzZhjRTXCJalQkbdzzPoxjjsHaAA==",
      "requires": {
        "promise": "^8.0.1"
      }
    },
    "promise": {
      "version": "8.0.3",
      "resolved": "https://registry.npmjs.org/promise/-/promise-8.0.3.tgz",
      "integrity": "sha512-HeRDUL1RJiLhyA0/grn+PTShlBAcLuh/1BJGtrvjwbvRDCTLLMEz9rOGCV+R3vHY4MixIuoMEd9Yq/XvsTPcjw==",
      "requires": {
        "asap": "~2.0.6"
      }
    }
  }
}
